
Microsoft Visual Studio Solution File, Format Version 12.00
# Visual Studio Version 16
VisualStudioVersion = 16.0.34601.136
MinimumVisualStudioVersion = 10.0.40219.1
Project("{FAE04EC0-301F-11D3-BF4B-00C04F79EFBC}") = "Coupon_Code_Validator", "Coupon_Code_Validator.csproj", "{992D775F-5CB6-4895-B542-38AD5B61C20E}"
EndProject
Global
	GlobalSection(SolutionConfigurationPlatforms) = preSolution
		Debug|Any CPU = Debug|Any CPU
		Release|Any CPU = Release|Any CPU
	EndGlobalSection
	GlobalSection(ProjectConfigurationPlatforms) = postSolution
		{992D775F-5CB6-4895-B542-38AD5B61C20E}.Debug|Any CPU.ActiveCfg = Debug|Any CPU
		{992D775F-5CB6-4895-B542-38AD5B61C20E}.Debug|Any CPU.Build.0 = Debug|Any CPU
		{992D775F-5CB6-4895-B542-38AD5B61C20E}.Release|Any CPU.ActiveCfg = Release|Any CPU
		{992D775F-5CB6-4895-B542-38AD5B61C20E}.Release|Any CPU.Build.0 = Release|Any CPU
	EndGlobalSection
	GlobalSection(SolutionProperties) = preSolution
		HideSolutionNode = FALSE
	EndGlobalSection
	GlobalSection(ExtensibilityGlobals) = postSolution
		SolutionGuid = {20E66EC3-68B1-4546-8D56-51692581A833}
	EndGlobalSection
EndGlobal
