
Microsoft Visual Studio Solution File, Format Version 12.00
# Visual Studio Version 16
VisualStudioVersion = 16.0.34601.136
MinimumVisualStudioVersion = 10.0.40219.1
Project("{FAE04EC0-301F-11D3-BF4B-00C04F79EFBC}") = "Longest_Common_Prefix", "Longest_Common_Prefix.csproj", "{42B85818-1F02-4A6D-8268-4375F3FCA631}"
EndProject
Global
	GlobalSection(SolutionConfigurationPlatforms) = preSolution
		Debug|Any CPU = Debug|Any CPU
		Release|Any CPU = Release|Any CPU
	EndGlobalSection
	GlobalSection(ProjectConfigurationPlatforms) = postSolution
		{42B85818-1F02-4A6D-8268-4375F3FCA631}.Debug|Any CPU.ActiveCfg = Debug|Any CPU
		{42B85818-1F02-4A6D-8268-4375F3FCA631}.Debug|Any CPU.Build.0 = Debug|Any CPU
		{42B85818-1F02-4A6D-8268-4375F3FCA631}.Release|Any CPU.ActiveCfg = Release|Any CPU
		{42B85818-1F02-4A6D-8268-4375F3FCA631}.Release|Any CPU.Build.0 = Release|Any CPU
	EndGlobalSection
	GlobalSection(SolutionProperties) = preSolution
		HideSolutionNode = FALSE
	EndGlobalSection
	GlobalSection(ExtensibilityGlobals) = postSolution
		SolutionGuid = {BCC2D486-D2E6-479C-AAAE-C1FCC12B7BDE}
	EndGlobalSection
EndGlobal
